lockfileVersion: '9.0'

settings:
  autoInstallPeers: true
  excludeLinksFromLockfile: false

importers:

  .:
    dependencies:
      bun:
        specifier: ^1.1.34
        version: 1.1.34
      chalk:
        specifier: ^5.3.0
        version: 5.3.0
      commander:
        specifier: ^12.1.0
        version: 12.1.0
      dotenv:
        specifier: ^16.4.5
        version: 16.4.5
      ethers:
        specifier: ^6.13.4
        version: 6.13.4
      figlet:
        specifier: ^1.8.0
        version: 1.8.0
      readline-sync:
        specifier: ^1.4.10
        version: 1.4.10

packages:

  '@adraffy/ens-normalize@1.10.1':
    resolution: {integrity: sha512-96Z2IP3mYmF1Xg2cDm8f1gWGf/HUVedQ3FMifV4kG/PQ4yEP51xDtRAEfhVNt5f/uzpNkZHwWQuUcu6D6K+Ekw==}

  '@noble/curves@1.2.0':
    resolution: {integrity: sha512-oYclrNgRaM9SsBUBVbb8M6DTV7ZHRTKugureoYEncY5c65HOmRzvSiTE3y5CYaPYJA/GVkrhXEoF0M3Ya9PMnw==}

  '@noble/hashes@1.3.2':
    resolution: {integrity: sha512-MVC8EAQp7MvEcm30KWENFjgR+Mkmf+D189XJTkFIlwohU5hcBbn1ZkKq7KVTi2Hme3PMGF390DaL52beVrIihQ==}
    engines: {node: '>= 16'}

  '@oven/bun-darwin-aarch64@1.1.34':
    resolution: {integrity: sha512-p+E2CkJhCYsQyzRcuUsTA5HIHSRMq0J+aX6fiPo5iheFQAZCrhdfeAWmlU8cjZmIBvmZYbNZ96g1VVlx+ooJkg==}
    cpu: [arm64]
    os: [darwin]

  '@oven/bun-darwin-x64-baseline@1.1.34':
    resolution: {integrity: sha512-Uugg1eANnEfdma6TDZt5T2A3cHcOjnxSoGnQp8AY300olImd6QGvx5NfWMbo86/mvnFqfCN5YFR+behhHqekWQ==}
    cpu: [x64]
    os: [darwin]

  '@oven/bun-darwin-x64@1.1.34':
    resolution: {integrity: sha512-B6FC7EjRCEMMs7DxAEULqCgr8Td+A1ZI8YHWpBGhHZ2+Th/3QTM0IbfWg1cbBkgipKokiyVS/lx15iBAN4njFA==}
    cpu: [x64]
    os: [darwin]

  '@oven/bun-linux-aarch64@1.1.34':
    resolution: {integrity: sha512-A81KHRU+8CRFrbyIGikxS+VZO5E0LW4V6a5gRBuK4gJUZ4CsC9uEeXNfHtSwT288dnfwnlR3dtOTwI4kUSsIVQ==}
    cpu: [arm64]
    os: [linux]

  '@oven/bun-linux-x64-baseline@1.1.34':
    resolution: {integrity: sha512-BosC6W9WWU8rBsxpvCrs59LQ2DAjqafxZ5dXbP3MSzNn6HyN496Cj+jcYzM8UUkYnzkQJDXOPIJhvto69mQ2VQ==}
    cpu: [x64]
    os: [linux]

  '@oven/bun-linux-x64@1.1.34':
    resolution: {integrity: sha512-3J3G/BVolxO/YFC8Q9PvhjtQvT5VSbK2qqxXwZbgvUug1GxaEHc4KxV6ZSRZRmdadCoPfhcljQdoPCePbT4WrQ==}
    cpu: [x64]
    os: [linux]

  '@oven/bun-windows-x64-baseline@1.1.34':
    resolution: {integrity: sha512-kPtszE3NUM9Rd3GTJKD2TugoyjwPjMjbiMRX3wZE/YQBFRyATLGzKmxThwN1d2JPwTQGENrttpb15Qf95doSbA==}
    cpu: [x64]
    os: [win32]

  '@oven/bun-windows-x64@1.1.34':
    resolution: {integrity: sha512-wJOsC5mB1qBLmRwV61F1KHL0MOjEHtK/xJ7ddktcWc05+W2U4Y60j100VwdUVcCaRh0wCcehLilCnUpjjGng3Q==}
    cpu: [x64]
    os: [win32]

  '@types/node@22.7.5':
    resolution: {integrity: sha512-jML7s2NAzMWc//QSJ1a3prpk78cOPchGvXJsC3C6R6PSMoooztvRVQEz89gmBTBY1SPMaqo5teB4uNHPdetShQ==}

  aes-js@4.0.0-beta.5:
    resolution: {integrity: sha512-G965FqalsNyrPqgEGON7nIx1e/OVENSgiEIzyC63haUMuvNnwIgIjMs52hlTCKhkBny7A2ORNlfY9Zu+jmGk1Q==}

  bun@1.1.34:
    resolution: {integrity: sha512-ULiiLQG+bQC6YHW6u9jisGtwVn8msgqvDvurwsEs26mKtcAl7lRS+5yKfo/xxxnrcSIqx1QFM4vqki42s6GDVw==}
    os: [darwin, linux, win32]
    hasBin: true

  chalk@5.3.0:
    resolution: {integrity: sha512-dLitG79d+GV1Nb/VYcCDFivJeK1hiukt9QjRNVOsUtTy1rR1YJsmpGGTZ3qJos+uw7WmWF4wUwBd9jxjocFC2w==}
    engines: {node: ^12.17.0 || ^14.13 || >=16.0.0}

  commander@12.1.0:
    resolution: {integrity: sha512-Vw8qHK3bZM9y/P10u3Vib8o/DdkvA2OtPtZvD871QKjy74Wj1WSKFILMPRPSdUSx5RFK1arlJzEtA4PkFgnbuA==}
    engines: {node: '>=18'}

  dotenv@16.4.5:
    resolution: {integrity: sha512-ZmdL2rui+eB2YwhsWzjInR8LldtZHGDoQ1ugH85ppHKwpUHL7j7rN0Ti9NCnGiQbhaZ11FpR+7ao1dNsmduNUg==}
    engines: {node: '>=12'}

  ethers@6.13.4:
    resolution: {integrity: sha512-21YtnZVg4/zKkCQPjrDj38B1r4nQvTZLopUGMLQ1ePU2zV/joCfDC3t3iKQjWRzjjjbzR+mdAIoikeBRNkdllA==}
    engines: {node: '>=14.0.0'}

  figlet@1.8.0:
    resolution: {integrity: sha512-chzvGjd+Sp7KUvPHZv6EXV5Ir3Q7kYNpCr4aHrRW79qFtTefmQZNny+W1pW9kf5zeE6dikku2W50W/wAH2xWgw==}
    engines: {node: '>= 0.4.0'}
    hasBin: true

  readline-sync@1.4.10:
    resolution: {integrity: sha512-gNva8/6UAe8QYepIQH/jQ2qn91Qj0B9sYjMBBs3QOB8F2CXcKgLxQaJRP76sWVRQt+QU+8fAkCbCvjjMFu7Ycw==}
    engines: {node: '>= 0.8.0'}

  tslib@2.7.0:
    resolution: {integrity: sha512-gLXCKdN1/j47AiHiOkJN69hJmcbGTHI0ImLmbYLHykhgeN0jVGola9yVjFgzCUklsZQMW55o+dW7IXv3RCXDzA==}

  undici-types@6.19.8:
    resolution: {integrity: sha512-ve2KP6f/JnbPBFyobGHuerC9g1FYGn/F8n1LWTwNxCEzd6IfqTwUQcNXgEtmmQ6DlRrC1hrSrBnCZPokRrDHjw==}

  ws@8.17.1:
    resolution: {integrity: sha512-6XQFvXTkbfUOZOKKILFG1PDK2NDQs4azKQl26T0YS5CxqWLgXajbPZ+h4gZekJyRqFU8pvnbAbbs/3TgRPy+GQ==}
    engines: {node: '>=10.0.0'}
    peerDependencies:
      bufferutil: ^4.0.1
      utf-8-validate: '>=5.0.2'
    peerDependenciesMeta:
      bufferutil:
        optional: true
      utf-8-validate:
        optional: true

snapshots:

  '@adraffy/ens-normalize@1.10.1': {}

  '@noble/curves@1.2.0':
    dependencies:
      '@noble/hashes': 1.3.2

  '@noble/hashes@1.3.2': {}

  '@oven/bun-darwin-aarch64@1.1.34':
    optional: true

  '@oven/bun-darwin-x64-baseline@1.1.34':
    optional: true

  '@oven/bun-darwin-x64@1.1.34':
    optional: true

  '@oven/bun-linux-aarch64@1.1.34':
    optional: true

  '@oven/bun-linux-x64-baseline@1.1.34':
    optional: true

  '@oven/bun-linux-x64@1.1.34':
    optional: true

  '@oven/bun-windows-x64-baseline@1.1.34':
    optional: true

  '@oven/bun-windows-x64@1.1.34':
    optional: true

  '@types/node@22.7.5':
    dependencies:
      undici-types: 6.19.8

  aes-js@4.0.0-beta.5: {}

  bun@1.1.34:
    optionalDependencies:
      '@oven/bun-darwin-aarch64': 1.1.34
      '@oven/bun-darwin-x64': 1.1.34
      '@oven/bun-darwin-x64-baseline': 1.1.34
      '@oven/bun-linux-aarch64': 1.1.34
      '@oven/bun-linux-x64': 1.1.34
      '@oven/bun-linux-x64-baseline': 1.1.34
      '@oven/bun-windows-x64': 1.1.34
      '@oven/bun-windows-x64-baseline': 1.1.34

  chalk@5.3.0: {}

  commander@12.1.0: {}

  dotenv@16.4.5: {}

  ethers@6.13.4:
    dependencies:
      '@adraffy/ens-normalize': 1.10.1
      '@noble/curves': 1.2.0
      '@noble/hashes': 1.3.2
      '@types/node': 22.7.5
      aes-js: 4.0.0-beta.5
      tslib: 2.7.0
      ws: 8.17.1
    transitivePeerDependencies:
      - bufferutil
      - utf-8-validate

  figlet@1.8.0: {}

  readline-sync@1.4.10: {}

  tslib@2.7.0: {}

  undici-types@6.19.8: {}

  ws@8.17.1: {}
